{
  "name": "l02",
  "version": "1.0.0",
  "lockfileVersion": 1,
  "requires": true,
  "dependencies": {
    "acorn": {
      "version": "5.7.3",
      "resolved": "http://registry.npm.taobao.org/acorn/download/acorn-5.7.3.tgz",
      "integrity": "sha1-Z6ojG/iBKXS4UjWpZ3Hra9B+onk="
    },
    "arg": {
      "version": "4.1.0",
      "resolved": "http://registry.npm.taobao.org/arg/download/arg-4.1.0.tgz",
      "integrity": "sha1-WDxRgZlBngA3q7dAYsN/hRnldfA=",
      "dev": true
    },
    "brain.js": {
      "version": "1.6.1",
      "resolved": "http://registry.npm.taobao.org/brain.js/download/brain.js-1.6.1.tgz",
      "integrity": "sha1-qxjFkYgv7toR5wxipCf+eMpKqBc=",
      "requires": {
        "gpu.js": "^1.10.4",
        "thaw.js": "^2.0.0"
      }
    },
    "buffer-from": {
      "version": "1.1.1",
      "resolved": "http://registry.npm.taobao.org/buffer-from/download/buffer-from-1.1.1.tgz",
      "integrity": "sha1-MnE7wCj3XAL9txDXx7zsHyxgcO8=",
      "dev": true
    },
    "diff": {
      "version": "3.5.0",
      "resolved": "http://registry.npm.taobao.org/diff/download/diff-3.5.0.tgz",
      "integrity": "sha1-gAwN0eCov7yVg1wgKtIg/jF+WhI=",
      "dev": true
    },
    "gpu.js": {
      "version": "1.10.4",
      "resolved": "http://registry.npm.taobao.org/gpu.js/download/gpu.js-1.10.4.tgz",
      "integrity": "sha1-8CkNwI1Aqd5zKbkfFSNwPN0KZMc=",
      "requires": {
        "acorn": "^5.1.1"
      }
    },
    "make-error": {
      "version": "1.3.5",
      "resolved": "http://registry.npm.taobao.org/make-error/download/make-error-1.3.5.tgz",
      "integrity": "sha1-7+ToH22yjK3WBccPKcgxtY73dsg=",
      "dev": true
    },
    "source-map": {
      "version": "0.6.1",
      "resolved": "http://registry.npm.taobao.org/source-map/download/source-map-0.6.1.tgz",
      "integrity": "sha1-dHIq8y6WFOnCh6jQu95IteLxomM=",
      "dev": true
    },
    "source-map-support": {
      "version": "0.5.10",
      "resolved": "http://registry.npm.taobao.org/source-map-support/download/source-map-support-0.5.10.tgz",
      "integrity": "sha1-IhQIC8nVGDJRHuK6uW48L5NTEgw=",
      "dev": true,
      "requires": {
        "buffer-from": "^1.0.0",
        "source-map": "^0.6.0"
      }
    },
    "thaw.js": {
      "version": "2.0.0",
      "resolved": "http://registry.npm.taobao.org/thaw.js/download/thaw.js-2.0.0.tgz",
      "integrity": "sha1-RSvF1+4s4bb5IDewW1BsvWVikdA="
    },
    "ts-node": {
      "version": "8.0.2",
      "resolved": "http://registry.npm.taobao.org/ts-node/download/ts-node-8.0.2.tgz",
      "integrity": "sha1-ns3414KgykyA0dZBy7I2r0rBt1Y=",
      "dev": true,
      "requires": {
        "arg": "^4.1.0",
        "diff": "^3.1.0",
        "make-error": "^1.1.1",
        "source-map-support": "^0.5.6",
        "yn": "^3.0.0"
      }
    },
    "typescript": {
      "version": "3.3.3333",
      "resolved": "http://registry.npm.taobao.org/typescript/download/typescript-3.3.3333.tgz",
      "integrity": "sha1-FxssWvZsWelDEZkRejvK3Gb9z9Y=",
      "dev": true
    },
    "yn": {
      "version": "3.0.0",
      "resolved": "http://registry.npm.taobao.org/yn/download/yn-3.0.0.tgz",
      "integrity": "sha1-AHPGtW6SrtZS+9/WJDHy1rmnoJE=",
      "dev": true
    }
  }
}
